
Microsoft Visual Studio Solution File, Format Version 12.00
# Visual Studio 15
VisualStudioVersion = 15.0.28010.2041
MinimumVisualStudioVersion = 10.0.40219.1
Project("{FAE04EC0-301F-11D3-BF4B-00C04F79EFBC}") = "RFID读写", "RFID读写\RFID读写.csproj", "{8C05AF00-D88A-4C47-850A-1655CCA56FB6}"
EndProject
Global
	GlobalSection(SolutionConfigurationPlatforms) = preSolution
		Debug|Any CPU = Debug|Any CPU
		Release|Any CPU = Release|Any CPU
	EndGlobalSection
	GlobalSection(ProjectConfigurationPlatforms) = postSolution
		{8C05AF00-D88A-4C47-850A-1655CCA56FB6}.Debug|Any CPU.ActiveCfg = Debug|Any CPU
		{8C05AF00-D88A-4C47-850A-1655CCA56FB6}.Debug|Any CPU.Build.0 = Debug|Any CPU
		{8C05AF00-D88A-4C47-850A-1655CCA56FB6}.Release|Any CPU.ActiveCfg = Release|Any CPU
		{8C05AF00-D88A-4C47-850A-1655CCA56FB6}.Release|Any CPU.Build.0 = Release|Any CPU
	EndGlobalSection
	GlobalSection(SolutionProperties) = preSolution
		HideSolutionNode = FALSE
	EndGlobalSection
	GlobalSection(ExtensibilityGlobals) = postSolution
		SolutionGuid = {8DD82223-8CDD-423C-AE73-A0998FB9A394}
	EndGlobalSection
EndGlobal
